PODS:
  - Alamofire (1.2.3)
  - Mantle (1.5.4):
    - Mantle/extobjc (= 1.5.4)
  - Mantle/extobjc (1.5.4)
  - MBProgressHUD (0.9)

DEPENDENCIES:
  - Alamofire (~> 1.2)
  - Mantle
  - MBProgressHUD

SPEC CHECKSUMS:
  Alamofire: 5550bf0b575ed1a4bf9be572f9463e1015cc169e
  Mantle: d5fbaf30fbc58031223af13812c060e15934a1fe
  MBProgressHUD: 2038dbcf3dce73215abed6001657043d53aa79a8

COCOAPODS: 0.37.2
